
Microsoft Visual Studio Solution File, Format Version 12.00
# Visual Studio Version 16
VisualStudioVersion = 16.0.30014.187
MinimumVisualStudioVersion = 10.0.40219.1
Project("{9A19103F-16F7-4668-BE54-9A1E7A4F7556}") = "GitVersion.Sample", "src\GitVersion.Sample\GitVersion.Sample.csproj", "{4E94918C-BF67-454A-8BB7-EC5EAF21798B}"
EndProject
Project("{2150E333-8FDC-42A3-9474-1A3956D46DE8}") = "assets", "assets", "{D5754B43-A847-4FAD-ADC7-B5F63E551DBD}"
	ProjectSection(SolutionItems) = preProject
		azure-pipelines.yml = azure-pipelines.yml
		GitVersion.yml = GitVersion.yml
		README.md = README.md
	EndProjectSection
EndProject
Global
	GlobalSection(SolutionConfigurationPlatforms) = preSolution
		Debug|Any CPU = Debug|Any CPU
		Release|Any CPU = Release|Any CPU
	EndGlobalSection
	GlobalSection(ProjectConfigurationPlatforms) = postSolution
		{4E94918C-BF67-454A-8BB7-EC5EAF21798B}.Debug|Any CPU.ActiveCfg = Debug|Any CPU
		{4E94918C-BF67-454A-8BB7-EC5EAF21798B}.Debug|Any CPU.Build.0 = Debug|Any CPU
		{4E94918C-BF67-454A-8BB7-EC5EAF21798B}.Release|Any CPU.ActiveCfg = Release|Any CPU
		{4E94918C-BF67-454A-8BB7-EC5EAF21798B}.Release|Any CPU.Build.0 = Release|Any CPU
	EndGlobalSection
	GlobalSection(SolutionProperties) = preSolution
		HideSolutionNode = FALSE
	EndGlobalSection
	GlobalSection(ExtensibilityGlobals) = postSolution
		SolutionGuid = {2E846F2B-DCD3-4331-839F-5C8E63B7918F}
	EndGlobalSection
EndGlobal
